
Microsoft Visual Studio Solution File, Format Version 12.00
# Visual Studio 15
VisualStudioVersion = 15.0.26430.12
MinimumVisualStudioVersion = 10.0.40219.1
Project("{9A19103F-16F7-4668-BE54-9A1E7A4F7556}") = "Demo.WebApp", "Demo.WebApp\Demo.WebApp.csproj", "{A7A8D547-683C-4CB8-9E41-18B582520004}"
EndProject
Project("{2150E333-8FDC-42A3-9474-1A3956D46DE8}") = "Demo-Complete", "Demo-Complete", "{14665949-8167-4DBA-8A67-C86658BE8DEF}"
EndProject
Project("{2150E333-8FDC-42A3-9474-1A3956D46DE8}") = "Demo1-Tooling", "Demo1-Tooling", "{7D22AF3A-BDDB-43E6-8094-EF35B9539662}"
EndProject
Project("{FAE04EC0-301F-11D3-BF4B-00C04F79EFBC}") = "Demo1.WebApp", "Demo1.WebApp\Demo1.WebApp.csproj", "{85F50927-2304-4CE5-8950-23AC66802F38}"
EndProject
Project("{2150E333-8FDC-42A3-9474-1A3956D46DE8}") = "Demo2-DI", "Demo2-DI", "{94B958B5-EE2F-4B3F-8017-AFA7848CFE28}"
EndProject
Project("{FAE04EC0-301F-11D3-BF4B-00C04F79EFBC}") = "Demo2.WebApp", "Demo2.WebApp\Demo2.WebApp.csproj", "{AD4FDE79-E87C-438B-9621-99A1937135E6}"
EndProject
Project("{FAE04EC0-301F-11D3-BF4B-00C04F79EFBC}") = "Demo2.WebApp.Test", "Demo2.WebApp.Test\Demo2.WebApp.Test.csproj", "{1CF7B7D0-6690-4192-965F-8233E21129BA}"
EndProject
Project("{2150E333-8FDC-42A3-9474-1A3956D46DE8}") = "Demo3-More-DI", "Demo3-More-DI", "{3BE27657-176E-451C-851A-A247BE09238D}"
EndProject
Project("{FAE04EC0-301F-11D3-BF4B-00C04F79EFBC}") = "Demo3.WebApp", "Demo3.WebApp\Demo3.WebApp.csproj", "{EBEE404E-1F3B-44F3-8D44-83C9874BF78C}"
EndProject
Project("{FAE04EC0-301F-11D3-BF4B-00C04F79EFBC}") = "Demo3.WebApp.Test", "Demo3.WebApp.Test\Demo3.WebApp.Test.csproj", "{1F7F2403-528F-4073-9C0E-ECF213613A49}"
EndProject
Project("{2150E333-8FDC-42A3-9474-1A3956D46DE8}") = "Demo4-ModelState", "Demo4-ModelState", "{9EC20E2A-0206-4FE7-856F-FE7090CAE065}"
EndProject
Project("{FAE04EC0-301F-11D3-BF4B-00C04F79EFBC}") = "Demo4.WebApp", "Demo4.WebApp\Demo4.WebApp.csproj", "{C9ABD276-520A-4DB0-94FD-007B6DFA107F}"
EndProject
Project("{FAE04EC0-301F-11D3-BF4B-00C04F79EFBC}") = "Demo4.WebApp.Test", "Demo4.WebApp.Test\Demo4.WebApp.Test.csproj", "{4286964F-AC68-406D-9360-67405FD906D5}"
EndProject
Project("{9A19103F-16F7-4668-BE54-9A1E7A4F7556}") = "Demo.WebApp.Test.NUnit", "Demo.WebApp.Test.NUnit\Demo.WebApp.Test.NUnit.csproj", "{A8082E37-85FF-44DD-90DF-96DE766E1BDB}"
EndProject
Project("{FAE04EC0-301F-11D3-BF4B-00C04F79EFBC}") = "Demo.WebApp.Test.MSTest", "Demo.WebApp.Test.MSTest\Demo.WebApp.Test.MSTest.csproj", "{9C264A58-9726-44CD-B973-07BD70578465}"
EndProject
Project("{9A19103F-16F7-4668-BE54-9A1E7A4F7556}") = "Demo.WebApp.Test.xUnit", "Demo.WebApp.Test.xUnit\Demo.WebApp.Test.xUnit.csproj", "{E97C2BE6-0430-4708-A423-1A3BB2044C75}"
EndProject
Global
	GlobalSection(SolutionConfigurationPlatforms) = preSolution
		Debug|Any CPU = Debug|Any CPU
		Release|Any CPU = Release|Any CPU
	EndGlobalSection
	GlobalSection(ProjectConfigurationPlatforms) = postSolution
		{A7A8D547-683C-4CB8-9E41-18B582520004}.Debug|Any CPU.ActiveCfg = Debug|Any CPU
		{A7A8D547-683C-4CB8-9E41-18B582520004}.Debug|Any CPU.Build.0 = Debug|Any CPU
		{A7A8D547-683C-4CB8-9E41-18B582520004}.Release|Any CPU.ActiveCfg = Release|Any CPU
		{A7A8D547-683C-4CB8-9E41-18B582520004}.Release|Any CPU.Build.0 = Release|Any CPU
		{85F50927-2304-4CE5-8950-23AC66802F38}.Debug|Any CPU.ActiveCfg = Debug|Any CPU
		{85F50927-2304-4CE5-8950-23AC66802F38}.Debug|Any CPU.Build.0 = Debug|Any CPU
		{85F50927-2304-4CE5-8950-23AC66802F38}.Release|Any CPU.ActiveCfg = Release|Any CPU
		{85F50927-2304-4CE5-8950-23AC66802F38}.Release|Any CPU.Build.0 = Release|Any CPU
		{AD4FDE79-E87C-438B-9621-99A1937135E6}.Debug|Any CPU.ActiveCfg = Debug|Any CPU
		{AD4FDE79-E87C-438B-9621-99A1937135E6}.Debug|Any CPU.Build.0 = Debug|Any CPU
		{AD4FDE79-E87C-438B-9621-99A1937135E6}.Release|Any CPU.ActiveCfg = Release|Any CPU
		{AD4FDE79-E87C-438B-9621-99A1937135E6}.Release|Any CPU.Build.0 = Release|Any CPU
		{1CF7B7D0-6690-4192-965F-8233E21129BA}.Debug|Any CPU.ActiveCfg = Debug|Any CPU
		{1CF7B7D0-6690-4192-965F-8233E21129BA}.Debug|Any CPU.Build.0 = Debug|Any CPU
		{1CF7B7D0-6690-4192-965F-8233E21129BA}.Release|Any CPU.ActiveCfg = Release|Any CPU
		{1CF7B7D0-6690-4192-965F-8233E21129BA}.Release|Any CPU.Build.0 = Release|Any CPU
		{EBEE404E-1F3B-44F3-8D44-83C9874BF78C}.Debug|Any CPU.ActiveCfg = Debug|Any CPU
		{EBEE404E-1F3B-44F3-8D44-83C9874BF78C}.Debug|Any CPU.Build.0 = Debug|Any CPU
		{EBEE404E-1F3B-44F3-8D44-83C9874BF78C}.Release|Any CPU.ActiveCfg = Release|Any CPU
		{EBEE404E-1F3B-44F3-8D44-83C9874BF78C}.Release|Any CPU.Build.0 = Release|Any CPU
		{1F7F2403-528F-4073-9C0E-ECF213613A49}.Debug|Any CPU.ActiveCfg = Debug|Any CPU
		{1F7F2403-528F-4073-9C0E-ECF213613A49}.Debug|Any CPU.Build.0 = Debug|Any CPU
		{1F7F2403-528F-4073-9C0E-ECF213613A49}.Release|Any CPU.ActiveCfg = Release|Any CPU
		{1F7F2403-528F-4073-9C0E-ECF213613A49}.Release|Any CPU.Build.0 = Release|Any CPU
		{C9ABD276-520A-4DB0-94FD-007B6DFA107F}.Debug|Any CPU.ActiveCfg = Debug|Any CPU
		{C9ABD276-520A-4DB0-94FD-007B6DFA107F}.Debug|Any CPU.Build.0 = Debug|Any CPU
		{C9ABD276-520A-4DB0-94FD-007B6DFA107F}.Release|Any CPU.ActiveCfg = Release|Any CPU
		{C9ABD276-520A-4DB0-94FD-007B6DFA107F}.Release|Any CPU.Build.0 = Release|Any CPU
		{4286964F-AC68-406D-9360-67405FD906D5}.Debug|Any CPU.ActiveCfg = Debug|Any CPU
		{4286964F-AC68-406D-9360-67405FD906D5}.Debug|Any CPU.Build.0 = Debug|Any CPU
		{4286964F-AC68-406D-9360-67405FD906D5}.Release|Any CPU.ActiveCfg = Release|Any CPU
		{4286964F-AC68-406D-9360-67405FD906D5}.Release|Any CPU.Build.0 = Release|Any CPU
		{A8082E37-85FF-44DD-90DF-96DE766E1BDB}.Debug|Any CPU.ActiveCfg = Debug|Any CPU
		{A8082E37-85FF-44DD-90DF-96DE766E1BDB}.Debug|Any CPU.Build.0 = Debug|Any CPU
		{A8082E37-85FF-44DD-90DF-96DE766E1BDB}.Release|Any CPU.ActiveCfg = Release|Any CPU
		{A8082E37-85FF-44DD-90DF-96DE766E1BDB}.Release|Any CPU.Build.0 = Release|Any CPU
		{9C264A58-9726-44CD-B973-07BD70578465}.Debug|Any CPU.ActiveCfg = Debug|Any CPU
		{9C264A58-9726-44CD-B973-07BD70578465}.Debug|Any CPU.Build.0 = Debug|Any CPU
		{9C264A58-9726-44CD-B973-07BD70578465}.Release|Any CPU.ActiveCfg = Release|Any CPU
		{9C264A58-9726-44CD-B973-07BD70578465}.Release|Any CPU.Build.0 = Release|Any CPU
		{E97C2BE6-0430-4708-A423-1A3BB2044C75}.Debug|Any CPU.ActiveCfg = Debug|Any CPU
		{E97C2BE6-0430-4708-A423-1A3BB2044C75}.Debug|Any CPU.Build.0 = Debug|Any CPU
		{E97C2BE6-0430-4708-A423-1A3BB2044C75}.Release|Any CPU.ActiveCfg = Release|Any CPU
		{E97C2BE6-0430-4708-A423-1A3BB2044C75}.Release|Any CPU.Build.0 = Release|Any CPU
	EndGlobalSection
	GlobalSection(SolutionProperties) = preSolution
		HideSolutionNode = FALSE
	EndGlobalSection
	GlobalSection(NestedProjects) = preSolution
		{A7A8D547-683C-4CB8-9E41-18B582520004} = {14665949-8167-4DBA-8A67-C86658BE8DEF}
		{85F50927-2304-4CE5-8950-23AC66802F38} = {7D22AF3A-BDDB-43E6-8094-EF35B9539662}
		{AD4FDE79-E87C-438B-9621-99A1937135E6} = {94B958B5-EE2F-4B3F-8017-AFA7848CFE28}
		{1CF7B7D0-6690-4192-965F-8233E21129BA} = {94B958B5-EE2F-4B3F-8017-AFA7848CFE28}
		{EBEE404E-1F3B-44F3-8D44-83C9874BF78C} = {3BE27657-176E-451C-851A-A247BE09238D}
		{1F7F2403-528F-4073-9C0E-ECF213613A49} = {3BE27657-176E-451C-851A-A247BE09238D}
		{C9ABD276-520A-4DB0-94FD-007B6DFA107F} = {9EC20E2A-0206-4FE7-856F-FE7090CAE065}
		{4286964F-AC68-406D-9360-67405FD906D5} = {9EC20E2A-0206-4FE7-856F-FE7090CAE065}
		{A8082E37-85FF-44DD-90DF-96DE766E1BDB} = {14665949-8167-4DBA-8A67-C86658BE8DEF}
		{9C264A58-9726-44CD-B973-07BD70578465} = {14665949-8167-4DBA-8A67-C86658BE8DEF}
		{E97C2BE6-0430-4708-A423-1A3BB2044C75} = {14665949-8167-4DBA-8A67-C86658BE8DEF}
	EndGlobalSection
EndGlobal
